
Microsoft Visual Studio Solution File, Format Version 12.00
# Visual Studio Version 16
VisualStudioVersion = 16.0.31515.178
MinimumVisualStudioVersion = 10.0.40219.1
Project("{FAE04EC0-301F-11D3-BF4B-00C04F79EFBC}") = "PharmacyManagementSystem", "PharmacyManagementSystem\PharmacyManagementSystem.csproj", "{DE6E943B-445B-4330-8324-624692EE871C}"
EndProject
Global
	GlobalSection(SolutionConfigurationPlatforms) = preSolution
		Debug|Any CPU = Debug|Any CPU
		Release|Any CPU = Release|Any CPU
	EndGlobalSection
	GlobalSection(ProjectConfigurationPlatforms) = postSolution
		{DE6E943B-445B-4330-8324-624692EE871C}.Debug|Any CPU.ActiveCfg = Debug|Any CPU
		{DE6E943B-445B-4330-8324-624692EE871C}.Debug|Any CPU.Build.0 = Debug|Any CPU
		{DE6E943B-445B-4330-8324-624692EE871C}.Release|Any CPU.ActiveCfg = Release|Any CPU
		{DE6E943B-445B-4330-8324-624692EE871C}.Release|Any CPU.Build.0 = Release|Any CPU
	EndGlobalSection
	GlobalSection(SolutionProperties) = preSolution
		HideSolutionNode = FALSE
	EndGlobalSection
	GlobalSection(ExtensibilityGlobals) = postSolution
		SolutionGuid = {50182205-2909-48CB-A6D4-2508EE546629}
	EndGlobalSection
EndGlobal
